{
  "name": "cy-match",
  "version": "1.0.0",
  "lockfileVersion": 1,
  "requires": true,
  "dependencies": {
    "@open-wc/semantic-dom-diff": {
      "version": "0.18.0",
      "resolved": "https://registry.npmjs.org/@open-wc/semantic-dom-diff/-/semantic-dom-diff-0.18.0.tgz",
      "integrity": "sha512-TyW5WwzcKemtoAY+mennsUoy+at+Tw6deO15eTaV6k5IeIpEqPz/0K8QWcXcawpExWVBzmJ+H1rMJLhENj9iUw==",
      "requires": {
        "@types/chai": "^4.2.11"
      }
    },
    "@types/chai": {
      "version": "4.2.12",
      "resolved": "https://registry.npmjs.org/@types/chai/-/chai-4.2.12.tgz",
      "integrity": "sha512-aN5IAC8QNtSUdQzxu7lGBgYAOuU1tmRU4c9dIq5OKGf/SBVjXo+ffM2wEjudAWbgpOhy60nLoAGH1xm8fpCKFQ=="
    },
    "@types/color-name": {
      "version": "1.1.1",
      "resolved": "https://registry.npmjs.org/@types/color-name/-/color-name-1.1.1.tgz",
      "integrity": "sha512-rr+OQyAjxze7GgWrSaJwydHStIhHq2lvY3BOC2Mj7KnzI7XK0Uw1TOOdI9lDoajEbSWLiYgoo4f1R51erQfhPQ=="
    },
    "@types/faker": {
      "version": "5.1.2",
      "resolved": "https://registry.npmjs.org/@types/faker/-/faker-5.1.2.tgz",
      "integrity": "sha512-a3FADSHjjinczCwr7tTejoMZzbSS5vi70VCyns4C1idxJrDSRGZCQG0s27YppXLcoWrBOkwBbBsZ9vDRDpQK7A==",
      "dev": true
    },
    "ansi-styles": {
      "version": "4.2.1",
      "resolved": "https://registry.npmjs.org/ansi-styles/-/ansi-styles-4.2.1.tgz",
      "integrity": "sha512-9VGjrMsG1vePxcSweQsN20KY/c4zN0h9fLjqAbwbPfahM3t+NL+M9HC8xeXG2I8pX5NoamTGNuomEUFI7fcUjA==",
      "requires": {
        "@types/color-name": "^1.1.1",
        "color-convert": "^2.0.1"
      }
    },
    "color-convert": {
      "version": "2.0.1",
      "resolved": "https://registry.npmjs.org/color-convert/-/color-convert-2.0.1.tgz",
      "integrity": "sha512-RRECPsj7iu/xb5oKYcsFHSppFNnsj/52OVTRKb4zP5onXwVF3zVmmToNcOfGC+CRDpfK/U584fMg38ZHCaElKQ==",
      "requires": {
        "color-name": "~1.1.4"
      }
    },
    "color-name": {
      "version": "1.1.4",
      "resolved": "https://registry.npmjs.org/color-name/-/color-name-1.1.4.tgz",
      "integrity": "sha512-dOy+3AuW3a2wNbZHIuMZpTcgjGuLU/uBL/ubcZF9OXbDo8ff4O8yVp5Bf0efS8uEoYo5q4Fx7dY9OgQGXgAsQA=="
    },
    "diff": {
      "version": "4.0.2",
      "resolved": "https://registry.npmjs.org/diff/-/diff-4.0.2.tgz",
      "integrity": "sha512-58lmxKSA4BNyLz+HHMUzlOEpg09FV+ev6ZMe3vJihgdxzgcwZ8VoEEPmALCZG9LmqfVoNMMKpttIYTVG6uDY7A=="
    },
    "disparity": {
      "version": "3.1.0",
      "resolved": "https://registry.npmjs.org/disparity/-/disparity-3.1.0.tgz",
      "integrity": "sha512-HfKRKzbghP+UMUckZ4evbnc7p1TG7/Igk6nkDkSVxZtGixZY74Jcbqh4K5xHxrZsv+OjPmYTZy6dgpCQR0d3EA==",
      "requires": {
        "ansi-styles": "^4.2.1",
        "diff": "^4.0.2"
      }
    },
    "faker": {
      "version": "5.1.0",
      "resolved": "https://registry.npmjs.org/faker/-/faker-5.1.0.tgz",
      "integrity": "sha512-RrWKFSSA/aNLP0g3o2WW1Zez7/MnMr7xkiZmoCfAGZmdkDQZ6l2KtuXHN5XjdvpRjDl8+3vf+Rrtl06Z352+Mw==",
      "dev": true
    },
    "typescript": {
      "version": "4.0.3",
      "resolved": "https://registry.npmjs.org/typescript/-/typescript-4.0.3.tgz",
      "integrity": "sha512-tEu6DGxGgRJPb/mVPIZ48e69xCn2yRmCgYmDugAVwmJ6o+0u1RI18eO7E7WBTLYLaEVVOhwQmcdhQHweux/WPg=="
    }
  }
}
